{
  "version": 4,
  "terraform_version": "1.9.2",
  "serial": 1,
  "lineage": "48b8aec7-f35a-c4ad-0313-17b87ed49124",
  "outputs": {},
  "resources": [
    {
      "mode": "managed",
      "type": "google_container_cluster",
      "name": "my_cluster",
      "provider": "provider[\"registry.terraform.io/hashicorp/google\"]",
      "instances": [
        {
          "schema_version": 1,
          "attributes": {
            "addons_config": [
              {
                "cloudrun_config": [],
                "config_connector_config": [],
                "dns_cache_config": [],
                "gce_persistent_disk_csi_driver_config": [
                  {
                    "enabled": true
                  }
                ],
                "gcp_filestore_csi_driver_config": [],
                "gke_backup_agent_config": [],
                "horizontal_pod_autoscaling": [],
                "http_load_balancing": [],
                "network_policy_config": [
                  {
                    "disabled": true
                  }
                ]
              }
            ],
            "authenticator_groups_config": [],
            "binary_authorization": [
              {
                "enabled": false,
                "evaluation_mode": ""
              }
            ],
            "cluster_autoscaling": [
              {
                "auto_provisioning_defaults": [],
                "enabled": false,
                "resource_limits": []
              }
            ],
            "cluster_ipv4_cidr": "10.0.0.0/14",
            "confidential_nodes": [],
            "cost_management_config": [],
            "database_encryption": [
              {
                "key_name": "",
                "state": "DECRYPTED"
              }
            ],
            "datapath_provider": "",
            "default_max_pods_per_node": null,
            "default_snat_status": [
              {
                "disabled": false
              }
            ],
            "description": "",
            "dns_config": [],
            "enable_autopilot": false,
            "enable_binary_authorization": false,
            "enable_intranode_visibility": false,
            "enable_kubernetes_alpha": false,
            "enable_l4_ilb_subsetting": false,
            "enable_legacy_abac": false,
            "enable_shielded_nodes": true,
            "enable_tpu": false,
            "endpoint": "34.16.117.202",
            "gateway_api_config": [],
            "id": "projects/sage-passkey-430603-j7/locations/us-central1/clusters/cluster-dev",
            "initial_node_count": 1,
            "ip_allocation_policy": [],
            "label_fingerprint": "a9dc16a7",
            "location": "us-central1",
            "logging_config": [
              {
                "enable_components": [
                  "SYSTEM_COMPONENTS",
                  "WORKLOADS"
                ]
              }
            ],
            "logging_service": "logging.googleapis.com/kubernetes",
            "maintenance_policy": [],
            "master_auth": [
              {
                "client_certificate": "",
                "client_certificate_config": [
                  {
                    "issue_client_certificate": false
                  }
                ],
                "client_key": "",
                "cluster_ca_certificate": "LS0tLS1CRUdJTiBDRVJUSUZJQ0FURS0tLS0tCk1JSUVMVENDQXBXZ0F3SUJBZ0lSQUxqZTEvdWpHcktGN1NzZGYvMWE5RHN3RFFZSktvWklodmNOQVFFTEJRQXcKTHpFdE1Dc0dBMVVFQXhNa016a3pZbUprWW1RdE9EVmpNaTAwWWpOaExUZzFNbU10TldNeU1ESmxNRGM1WldFNApNQ0FYRFRJME1EZ3lPVEUzTURJd04xb1lEekl3TlRRd09ESXlNVGd3TWpBM1dqQXZNUzB3S3dZRFZRUURFeVF6Ck9UTmlZbVJpWkMwNE5XTXlMVFJpTTJFdE9EVXlZeTAxWXpJd01tVXdOemxsWVRnd2dnR2lNQTBHQ1NxR1NJYjMKRFFFQkFRVUFBNElCandBd2dnR0tBb0lCZ1FEVDBkbDFWS0xyaU1uNkRSSmx3S3JHOFN3OXZJRzZuSFdIK3k2MQozU0Vpd2lFU0FYTkRhMDBWVjcxNDF5TGVJSUovb1kxbGNtdWRGdmxZbGZjcEswaG1lYWZ1aTdMb3Y2ZjErNFVpCnhncnJ4cng3UDdMNndLL0dUbDQ2SVV0Z056cXZyV2MzQ2srUTczNjJaRVV1aDRVdTQ5anRmRDJ3Rm1zb3ZKZ2IKQmRlUTVsR1Y0NzRkaDVhL0xja0xYZWs2QThPRldCb0J0U0Z3QzB0ZjhHL2NuOEZnT01zYkRWL2xxM1ptZlgvTApwTS93SFgxYnBGWUttaWhVRlBUZURjMW1UZm9TT0VtUXVvTGxyS2JkdVhiOHFJVWN6UjZ2RGlhNy9JR2JFUVBxCm9VVFRRVUcwdzk3ZW5GczFNUHVFL1ZFbm1ldFF2c0c4elBJV2ZtaE44NW1wNTJaWXZoOVgxN0hpRkROaVBBTXQKK1JGVkV2K1NNZ3BiT3k2ZkFWT1NVM0xJQ3RYRkhYYmFhT3JSNUxpYkNLUU0veGhodGNSVG1zNlBEUVdPQ2hOYgpqOUFFTDVocHRxbERBRmY2WGVISEhvTG1HOG5hdHNyaHNNYmk1V2pYWmppZU92NjV0RklFYVZjMFdnaFh4V25mCkJCK3VPWVBHQktWeGl5SFUrUnBmclhTc0dCc0NBd0VBQWFOQ01FQXdEZ1lEVlIwUEFRSC9CQVFEQWdJRU1BOEcKQTFVZEV3RUIvd1FGTUFNQkFmOHdIUVlEVlIwT0JCWUVGREVkZzM5Ly85ZDB6aXZHUGpOdUNFVnJ0L21iTUEwRwpDU3FHU0liM0RRRUJDd1VBQTRJQmdRQzN3ekZvV3QwVk9DY3l0aGswdS9sRnVaUStCdWhLN1FDdWtSYkpreWc2Cm1vZTdOY1BSNm1ZTDF1cjBvUWlPSVZHT3dnak5OV3lETlhTWTBRTy9PQTFmTGhiWEVPTTQwMjhNTEtHUmFUV0sKY0lkWVdtazR2UUxqREVBa2pNR3hsUk5FNU10c01PSVJSTFErSi9kNlZkOE9rU1BtQkdubzJGclUvQmVQQ05TZQovcXJ3aDkrNHFaSEV2UCtMSVBJVkNIcGsySy9iSEZNWnNiWEwyUHE5SWFuS1F1Q3gyMndSbVY2RWdhZ3RQYTFjCnQ5UW9GNlB4UllPVGpJQjVTYndJRUY4dDllL3FVd2ZOYTkyYWhMZHY4dkhscWVLUGUzZFdWekFKWlR5Qm1HTXkKbEhxRkFVUHF4bjFzMjhsNFYyVUU1K2R4WVlZa0NvWExwMWR5ZUVNVU80Tzg2QTljWDhSNFpXZlJnSEVOMWIyawphdWNkVTM4VlU0ak0zK01hNURpdXI1WnFzQnlGWUlDc1Rrc01vMXlCOW5JSHN3N0V2VkVzd3N4UnhmWmk5NktBCi9oK0lOMU5QT2xEVUMwOWx6RFdFNnJNK3NxdjJ5Ylo3OEU5OFlNTnlGd2hiS2JGRzdvbzJrWXVNT0ljbk8zbXYKWEpRNVZPQ3FQTXBsSUJVbG1BOXZ1Nlk9Ci0tLS0tRU5EIENFUlRJRklDQVRFLS0tLS0K"
              }
            ],
            "master_authorized_networks_config": [],
            "master_version": "1.29.7-gke.1104000",
            "mesh_certificates": [],
            "min_master_version": null,
            "monitoring_config": [
              {
                "enable_components": [
                  "SYSTEM_COMPONENTS",
                  "DEPLOYMENT",
                  "STATEFULSET",
                  "STORAGE",
                  "HPA",
                  "POD",
                  "DAEMONSET",
                  "CADVISOR",
                  "KUBELET"
                ],
                "managed_prometheus": [
                  {
                    "enabled": true
                  }
                ]
              }
            ],
            "monitoring_service": "monitoring.googleapis.com/kubernetes",
            "name": "cluster-dev",
            "network": "projects/sage-passkey-430603-j7/global/networks/default",
            "network_policy": [
              {
                "enabled": false,
                "provider": "PROVIDER_UNSPECIFIED"
              }
            ],
            "networking_mode": "ROUTES",
            "node_config": [
              {
                "boot_disk_kms_key": "",
                "disk_size_gb": 100,
                "disk_type": "pd-balanced",
                "gcfs_config": [],
                "guest_accelerator": [],
                "gvnic": [],
                "image_type": "COS_CONTAINERD",
                "kubelet_config": [],
                "labels": {},
                "linux_node_config": [],
                "local_ssd_count": 0,
                "logging_variant": "DEFAULT",
                "machine_type": "e2-medium",
                "metadata": {
                  "disable-legacy-endpoints": "true"
                },
                "min_cpu_platform": "",
                "node_group": "",
                "oauth_scopes": [
                  "https://www.googleapis.com/auth/cloud-platform"
                ],
                "preemptible": false,
                "reservation_affinity": [],
                "resource_labels": null,
                "service_account": "default",
                "shielded_instance_config": [
                  {
                    "enable_integrity_monitoring": true,
                    "enable_secure_boot": false
                  }
                ],
                "spot": false,
                "tags": null,
                "taint": [],
                "workload_metadata_config": []
              }
            ],
            "node_locations": [
              "us-central1-a",
              "us-central1-c",
              "us-central1-f"
            ],
            "node_pool": [
              {
                "autoscaling": [],
                "initial_node_count": 1,
                "instance_group_urls": [
                  "https://www.googleapis.com/compute/v1/projects/sage-passkey-430603-j7/zones/us-central1-f/instanceGroupManagers/gke-cluster-dev-default-pool-f11bf6dd-grp",
                  "https://www.googleapis.com/compute/v1/projects/sage-passkey-430603-j7/zones/us-central1-c/instanceGroupManagers/gke-cluster-dev-default-pool-f393658c-grp",
                  "https://www.googleapis.com/compute/v1/projects/sage-passkey-430603-j7/zones/us-central1-a/instanceGroupManagers/gke-cluster-dev-default-pool-b066b699-grp"
                ],
                "managed_instance_group_urls": [
                  "https://www.googleapis.com/compute/v1/projects/sage-passkey-430603-j7/zones/us-central1-f/instanceGroups/gke-cluster-dev-default-pool-f11bf6dd-grp",
                  "https://www.googleapis.com/compute/v1/projects/sage-passkey-430603-j7/zones/us-central1-c/instanceGroups/gke-cluster-dev-default-pool-f393658c-grp",
                  "https://www.googleapis.com/compute/v1/projects/sage-passkey-430603-j7/zones/us-central1-a/instanceGroups/gke-cluster-dev-default-pool-b066b699-grp"
                ],
                "management": [
                  {
                    "auto_repair": true,
                    "auto_upgrade": true
                  }
                ],
                "max_pods_per_node": 0,
                "name": "default-pool",
                "name_prefix": "",
                "network_config": [],
                "node_config": [
                  {
                    "boot_disk_kms_key": "",
                    "disk_size_gb": 100,
                    "disk_type": "pd-balanced",
                    "gcfs_config": [],
                    "guest_accelerator": [],
                    "gvnic": [],
                    "image_type": "COS_CONTAINERD",
                    "kubelet_config": [],
                    "labels": {},
                    "linux_node_config": [],
                    "local_ssd_count": 0,
                    "logging_variant": "DEFAULT",
                    "machine_type": "e2-medium",
                    "metadata": {
                      "disable-legacy-endpoints": "true"
                    },
                    "min_cpu_platform": "",
                    "node_group": "",
                    "oauth_scopes": [
                      "https://www.googleapis.com/auth/cloud-platform"
                    ],
                    "preemptible": false,
                    "reservation_affinity": [],
                    "resource_labels": {},
                    "service_account": "default",
                    "shielded_instance_config": [
                      {
                        "enable_integrity_monitoring": true,
                        "enable_secure_boot": false
                      }
                    ],
                    "spot": false,
                    "tags": [],
                    "taint": [],
                    "workload_metadata_config": []
                  }
                ],
                "node_count": 1,
                "node_locations": [
                  "us-central1-a",
                  "us-central1-c",
                  "us-central1-f"
                ],
                "placement_policy": [],
                "upgrade_settings": [
                  {
                    "blue_green_settings": [],
                    "max_surge": 1,
                    "max_unavailable": 0,
                    "strategy": "SURGE"
                  }
                ],
                "version": "1.29.7-gke.1104000"
              }
            ],
            "node_pool_defaults": [
              {
                "node_config_defaults": [
                  {
                    "logging_variant": "DEFAULT"
                  }
                ]
              }
            ],
            "node_version": "1.29.7-gke.1104000",
            "notification_config": [
              {
                "pubsub": [
                  {
                    "enabled": false,
                    "filter": [],
                    "topic": ""
                  }
                ]
              }
            ],
            "operation": null,
            "private_cluster_config": [
              {
                "enable_private_endpoint": false,
                "enable_private_nodes": false,
                "master_global_access_config": [
                  {
                    "enabled": false
                  }
                ],
                "master_ipv4_cidr_block": "",
                "peering_name": "",
                "private_endpoint": "10.128.0.9",
                "private_endpoint_subnetwork": "",
                "public_endpoint": "34.16.117.202"
              }
            ],
            "private_ipv6_google_access": "",
            "project": "sage-passkey-430603-j7",
            "release_channel": [
              {
                "channel": "REGULAR"
              }
            ],
            "remove_default_node_pool": null,
            "resource_labels": null,
            "resource_usage_export_config": [],
            "self_link": "https://container.googleapis.com/v1/projects/sage-passkey-430603-j7/locations/us-central1/clusters/cluster-dev",
            "service_external_ips_config": [
              {
                "enabled": false
              }
            ],
            "services_ipv4_cidr": "10.3.240.0/20",
            "subnetwork": "projects/sage-passkey-430603-j7/regions/us-central1/subnetworks/default",
            "timeouts": null,
            "tpu_ipv4_cidr_block": "",
            "vertical_pod_autoscaling": [],
            "workload_identity_config": []
          },
          "sensitive_attributes": [
            [
              {
                "type": "get_attr",
                "value": "master_auth"
              },
              {
                "type": "index",
                "value": {
                  "value": 0,
                  "type": "number"
                }
              },
              {
                "type": "get_attr",
                "value": "client_key"
              }
            ]
          ],
          "private": "eyJlMmJmYjczMC1lY2FhLTExZTYtOGY4OC0zNDM2M2JjN2M0YzAiOnsiY3JlYXRlIjoyNDAwMDAwMDAwMDAwLCJkZWxldGUiOjI0MDAwMDAwMDAwMDAsInJlYWQiOjI0MDAwMDAwMDAwMDAsInVwZGF0ZSI6MzYwMDAwMDAwMDAwMH0sInNjaGVtYV92ZXJzaW9uIjoiMSJ9"
        }
      ]
    }
  ],
  "check_results": null
}
